
Microsoft Visual Studio Solution File, Format Version 12.00
# Visual Studio Version 16
VisualStudioVersion = 16.0.30717.126
MinimumVisualStudioVersion = 10.0.40219.1
Project("{FAE04EC0-301F-11D3-BF4B-00C04F79EFBC}") = "CSpj_Multithreading", "CSpj_Multithreading\CSpj_Multithreading.csproj", "{23A3BBA9-59B0-4AD5-97F6-BEE9A7F657E7}"
EndProject
Global
	GlobalSection(SolutionConfigurationPlatforms) = preSolution
		Debug|Any CPU = Debug|Any CPU
		Release|Any CPU = Release|Any CPU
	EndGlobalSection
	GlobalSection(ProjectConfigurationPlatforms) = postSolution
		{23A3BBA9-59B0-4AD5-97F6-BEE9A7F657E7}.Debug|Any CPU.ActiveCfg = Debug|Any CPU
		{23A3BBA9-59B0-4AD5-97F6-BEE9A7F657E7}.Debug|Any CPU.Build.0 = Debug|Any CPU
		{23A3BBA9-59B0-4AD5-97F6-BEE9A7F657E7}.Release|Any CPU.ActiveCfg = Release|Any CPU
		{23A3BBA9-59B0-4AD5-97F6-BEE9A7F657E7}.Release|Any CPU.Build.0 = Release|Any CPU
	EndGlobalSection
	GlobalSection(SolutionProperties) = preSolution
		HideSolutionNode = FALSE
	EndGlobalSection
	GlobalSection(ExtensibilityGlobals) = postSolution
		SolutionGuid = {ABAA8FFA-B1C7-496C-8365-53533E72068E}
	EndGlobalSection
EndGlobal
